
Microsoft Visual Studio Solution File, Format Version 12.00
# Visual Studio Version 16
VisualStudioVersion = 16.0.29709.97
MinimumVisualStudioVersion = 10.0.40219.1
Project("{FAE04EC0-301F-11D3-BF4B-00C04F79EFBC}") = "BookstoreCRUD", "BookstoreCRUD.csproj", "{0AE4CBE2-23C0-4C5A-93EE-D819B5937387}"
EndProject
Global
	GlobalSection(SolutionConfigurationPlatforms) = preSolution
		Debug|Any CPU = Debug|Any CPU
		Release|Any CPU = Release|Any CPU
	EndGlobalSection
	GlobalSection(ProjectConfigurationPlatforms) = postSolution
		{0AE4CBE2-23C0-4C5A-93EE-D819B5937387}.Debug|Any CPU.ActiveCfg = Debug|Any CPU
		{0AE4CBE2-23C0-4C5A-93EE-D819B5937387}.Debug|Any CPU.Build.0 = Debug|Any CPU
		{0AE4CBE2-23C0-4C5A-93EE-D819B5937387}.Release|Any CPU.ActiveCfg = Release|Any CPU
		{0AE4CBE2-23C0-4C5A-93EE-D819B5937387}.Release|Any CPU.Build.0 = Release|Any CPU
	EndGlobalSection
	GlobalSection(SolutionProperties) = preSolution
		HideSolutionNode = FALSE
	EndGlobalSection
	GlobalSection(ExtensibilityGlobals) = postSolution
		SolutionGuid = {91C006FF-EDC4-4AE2-98F1-35F9C9AB95B3}
	EndGlobalSection
EndGlobal
